// !$*UTF8*$!
{
	archiveVersion = 1;
	classes = {
	};
	objectVersion = 46;
	objects = {

/* Begin PBXBuildFile section */
		4CE6682C1EA7364700F2E266 /* AppDelegate.swift in Sources */ = {isa = PBXBuildFile; fileRef = 4CE6682B1EA7364700F2E266 /* AppDelegate.swift */; };
		4CE6682E1EA7364700F2E266 /* ViewController.swift in Sources */ = {isa = PBXBuildFile; fileRef = 4CE6682D1EA7364700F2E266 /* ViewController.swift */; };
		4CE668311EA7364700F2E266 /* Main.storyboard in Resources */ = {isa = PBXBuildFile; fileRef = 4CE6682F1EA7364700F2E266 /* Main.storyboard */; };
		4CE668331EA7364700F2E266 /* Assets.xcassets in Resources */ = {isa = PBXBuildFile; fileRef = 4CE668321EA7364700F2E266 /* Assets.xcassets */; };
		4CE668361EA7364700F2E266 /* LaunchScreen.storyboard in Resources */ = {isa = PBXBuildFile; fileRef = 4CE668341EA7364700F2E266 /* LaunchScreen.storyboard */; };
/* End PBXBuildFile section */

/* Begin PBXFileReference section */
		4CE668281EA7364700F2E266 /* pickerViewWithArray.app */ = {isa = PBXFileReference; explicitFileType = wrapper.application; includeInIndex = 0; path = pickerViewWithArray.app; sourceTree = BUILT_PRODUCTS_DIR; };
		4CE6682B1EA7364700F2E266 /* AppDelegate.swift */ = {isa = PBXFileReference; lastKnownFileType = sourcecode.swift; path = AppDelegate.swift; sourceTree = "<group>"; };
		4CE6682D1EA7364700F2E266 /* ViewController.swift */ = {isa = PBXFileReference; lastKnownFileType = sourcecode.swift; path = ViewController.swift; sourceTree = "<group>"; };
		4CE668301EA7364700F2E266 /* Base */ = {isa = PBXFileReference; lastKnownFileType = file.storyboard; name = Base; path = Base.lproj/Main.storyboard; sourceTree = "<group>"; };
		4CE668321EA7364700F2E266 /* Assets.xcassets */ = {isa = PBXFileReference; lastKnownFileType = folder.assetcatalog; path = Assets.xcassets; sourceTree = "<group>"; };
		4CE668351EA7364700F2E266 /* Base */ = {isa = PBXFileReference; lastKnownFileType = file.storyboard; name = Base; path = Base.lproj/LaunchScreen.storyboard; sourceTree = "<group>"; };
		4CE668371EA7364700F2E266 /* Info.plist */ = {isa = PBXFileReference; lastKnownFileType = text.plist.xml; path = Info.plist; sourceTree = "<group>"; };
/* End PBXFileReference section */

/* Begin PBXFrameworksBuildPhase section */
		4CE668251EA7364700F2E266 /* Frameworks */ = {
			isa = PBXFrameworksBuildPhase;
			buildActionMask = 2147483647;
			files = (
			);
			runOnlyForDeploymentPostprocessing = 0;
		};
/* End PBXFrameworksBuildPhase section */

/* Begin PBXGroup section */
		4CE6681F1EA7364700F2E266 = {
			isa = PBXGroup;
			children = (
				4CE6682A1EA7364700F2E266 /* pickerViewWithArray */,
				4CE668291EA7364700F2E266 /* Products */,
			);
			sourceTree = "<group>";
		};
		4CE668291EA7364700F2E266 /* Products */ = {
			isa = PBXGroup;
			children = (
				4CE668281EA7364700F2E266 /* pickerViewWithArray.app */,
			);
			name = Products;
			sourceTree = "<group>";
		};
		4CE6682A1EA7364700F2E266 /* pickerViewWithArray */ = {
			isa = PBXGroup;
			children = (
				4CE6682B1EA7364700F2E266 /* AppDelegate.swift */,
				4CE6682D1EA7364700F2E266 /* ViewController.swift */,
				4CE6682F1EA7364700F2E266 /* Main.storyboard */,
				4CE668321EA7364700F2E266 /* Assets.xcassets */,
				4CE668341EA7364700F2E266 /* LaunchScreen.storyboard */,
				4CE668371EA7364700F2E266 /* Info.plist */,
			);
			path = pickerViewWithArray;
			sourceTree = "<group>";
		};
/* End PBXGroup section */

/* Begin PBXNativeTarget section */
		4CE668271EA7364700F2E266 /* pickerViewWithArray */ = {
			isa = PBXNativeTarget;
			buildConfigurationList = 4CE6683A1EA7364700F2E266 /* Build configuration list for PBXNativeTarget "pickerViewWithArray" */;
			buildPhases = (
				4CE668241EA7364700F2E266 /* Sources */,
				4CE668251EA7364700F2E266 /* Frameworks */,
				4CE668261EA7364700F2E266 /* Resources */,
			);
			buildRules = (
			);
			dependencies = (
			);
			name = pickerViewWithArray;
			productName = pickerViewWithArray;
			productReference = 4CE668281EA7364700F2E266 /* pickerViewWithArray.app */;
			productType = "com.apple.product-type.application";
		};
/* End PBXNativeTarget section */

/* Begin PBXProject section */
		4CE668201EA7364700F2E266 /* Project object */ = {
			isa = PBXProject;
			attributes = {
				LastSwiftUpdateCheck = 0830;
				LastUpgradeCheck = 0830;
				ORGANIZATIONNAME = iFlame;
				TargetAttributes = {
					4CE668271EA7364700F2E266 = {
						CreatedOnToolsVersion = 8.3;
						ProvisioningStyle = Automatic;
					};
				};
			};
			buildConfigurationList = 4CE668231EA7364700F2E266 /* Build configuration list for PBXProject "pickerViewWithArray" */;
			compatibilityVersion = "Xcode 3.2";
			developmentRegion = English;
			hasScannedForEncodings = 0;
			knownRegions = (
				en,
				Base,
			);
			mainGroup = 4CE6681F1EA7364700F2E266;
			productRefGroup = 4CE668291EA7364700F2E266 /* Products */;
			projectDirPath = "";
			projectRoot = "";
			targets = (
				4CE668271EA7364700F2E266 /* pickerViewWithArray */,
			);
		};
/* End PBXProject section */

/* Begin PBXResourcesBuildPhase section */
		4CE668261EA7364700F2E266 /* Resources */ = {
			isa = PBXResourcesBuildPhase;
			buildActionMask = 2147483647;
			files = (
				4CE668361EA7364700F2E266 /* LaunchScreen.storyboard in Resources */,
				4CE668331EA7364700F2E266 /* Assets.xcassets in Resources */,
				4CE668311EA7364700F2E266 /* Main.storyboard in Resources */,
			);
			runOnlyForDeploymentPostprocessing = 0;
		};
/* End PBXResourcesBuildPhase section */

/* Begin PBXSourcesBuildPhase section */
		4CE668241EA7364700F2E266 /* Sources */ = {
			isa = PBXSourcesBuildPhase;
			buildActionMask = 2147483647;
			files = (
				4CE6682E1EA7364700F2E266 /* ViewController.swift in Sources */,
				4CE6682C1EA7364700F2E266 /* AppDelegate.swift in Sources */,
			);
			runOnlyForDeploymentPostprocessing = 0;
		};
/* End PBXSourcesBuildPhase section */

/* Begin PBXVariantGroup section */
		4CE6682F1EA7364700F2E266 /* Main.storyboard */ = {
			isa = PBXVariantGroup;
			children = (
				4CE668301EA7364700F2E266 /* Base */,
			);
			name = Main.storyboard;
			sourceTree = "<group>";
		};
		4CE668341EA7364700F2E266 /* LaunchScreen.storyboard */ = {
			isa = PBXVariantGroup;
			children = (
				4CE668351EA7364700F2E266 /* Base */,
			);
			name = LaunchScreen.storyboard;
			sourceTree = "<group>";
		};
/* End PBXVariantGroup section */

/* Begin XCBuildConfiguration section */
		4CE668381EA7364700F2E266 /* Debug */ = {
			isa = XCBuildConfiguration;
			buildSettings = {
				ALWAYS_SEARCH_USER_PATHS = NO;
				CLANG_ANALYZER_NONNULL = YES;
				CLANG_ANALYZER_NUMBER_OBJECT_CONVERSION = YES_AGGRESSIVE;
				CLANG_CXX_LANGUAGE_STANDARD = "gnu++0x";
				CLANG_CXX_LIBRARY = "libc++";
				CLANG_ENABLE_MODULES = YES;
				CLANG_ENABLE_OBJC_ARC = YES;
				CLANG_WARN_BOOL_CONVERSION = YES;
				CLANG_WARN_CONSTANT_CONVERSION = YES;
				CLANG_WARN_DIRECT_OBJC_ISA_USAGE = YES_ERROR;
				CLANG_WARN_DOCUMENTATION_COMMENTS = YES;
				CLANG_WARN_EMPTY_BODY = YES;
				CLANG_WARN_ENUM_CONVERSION = YES;
				CLANG_WARN_INFINITE_RECURSION = YES;
				CLANG_WARN_INT_CONVERSION = YES;
				CLANG_WARN_OBJC_ROOT_CLASS = YES_ERROR;
				CLANG_WARN_SUSPICIOUS_MOVE = YES;
				CLANG_WARN_UNREACHABLE_CODE = YES;
				CLANG_WARN__DUPLICATE_METHOD_MATCH = YES;
				"CODE_SIGN_IDENTITY[sdk=iphoneos*]" = "iPhone Developer";
				COPY_PHASE_STRIP = NO;
				DEBUG_INFORMATION_FORMAT = dwarf;
				ENABLE_STRICT_OBJC_MSGSEND = YES;
				ENABLE_TESTABILITY = YES;
				GCC_C_LANGUAGE_STANDARD = gnu99;
				GCC_DYNAMIC_NO_PIC = NO;
				GCC_NO_COMMON_BLOCKS = YES;
				GCC_OPTIMIZATION_LEVEL = 0;
				GCC_PREPROCESSOR_DEFINITIONS = (
					"DEBUG=1",
					"$(inherited)",
				);
				GCC_WARN_64_TO_32_BIT_CONVERSION = YES;
				GCC_WARN_ABOUT_RETURN_TYPE = YES_ERROR;
				GCC_WARN_UNDECLARED_SELECTOR = YES;
				GCC_WARN_UNINITIALIZED_AUTOS = YES_AGGRESSIVE;
				GCC_WARN_UNUSED_FUNCTION = YES;
				GCC_WARN_UNUSED_VARIABLE = YES;
				IPHONEOS_DEPLOYMENT_TARGET = 10.3;
				MTL_ENABLE_DEBUG_INFO = YES;
				ONLY_ACTIVE_ARCH = YES;
				SDKROOT = iphoneos;
				SWIFT_ACTIVE_COMPILATION_CONDITIONS = DEBUG;
				SWIFT_OPTIMIZATION_LEVEL = "-Onone";
				TARGETED_DEVICE_FAMILY = "1,2";
			};
			name = Debug;
		};
		4CE668391EA7364700F2E266 /* Release */ = {
			isa = XCBuildConfiguration;
			buildSettings = {
				ALWAYS_SEARCH_USER_PATHS = NO;
				CLANG_ANALYZER_NONNULL = YES;
				CLANG_ANALYZER_NUMBER_OBJECT_CONVERSION = YES_AGGRESSIVE;
				CLANG_CXX_LANGUAGE_STANDARD = "gnu++0x";
				CLANG_CXX_LIBRARY = "libc++";
				CLANG_ENABLE_MODULES = YES;
				CLANG_ENABLE_OBJC_ARC = YES;
				CLANG_WARN_BOOL_CONVERSION = YES;
				CLANG_WARN_CONSTANT_CONVERSION = YES;
				CLANG_WARN_DIRECT_OBJC_ISA_USAGE = YES_ERROR;
				CLANG_WARN_DOCUMENTATION_COMMENTS = YES;
				CLANG_WARN_EMPTY_BODY = YES;
				CLANG_WARN_ENUM_CONVERSION = YES;
				CLANG_WARN_INFINITE_RECURSION = YES;
				CLANG_WARN_INT_CONVERSION = YES;
				CLANG_WARN_OBJC_ROOT_CLASS = YES_ERROR;
				CLANG_WARN_SUSPICIOUS_MOVE = YES;
				CLANG_WARN_UNREACHABLE_CODE = YES;
				CLANG_WARN__DUPLICATE_METHOD_MATCH = YES;
				"CODE_SIGN_IDENTITY[sdk=iphoneos*]" = "iPhone Developer";
				COPY_PHASE_STRIP = NO;
				DEBUG_INFORMATION_FORMAT = "dwarf-with-dsym";
				ENABLE_NS_ASSERTIONS = NO;
				ENABLE_STRICT_OBJC_MSGSEND = YES;
				GCC_C_LANGUAGE_STANDARD = gnu99;
				GCC_NO_COMMON_BLOCKS = YES;
				GCC_WARN_64_TO_32_BIT_CONVERSION = YES;
				GCC_WARN_ABOUT_RETURN_TYPE = YES_ERROR;
				GCC_WARN_UNDECLARED_SELECTOR = YES;
				GCC_WARN_UNINITIALIZED_AUTOS = YES_AGGRESSIVE;
				GCC_WARN_UNUSED_FUNCTION = YES;
				GCC_WARN_UNUSED_VARIABLE = YES;
				IPHONEOS_DEPLOYMENT_TARGET = 10.3;
				MTL_ENABLE_DEBUG_INFO = NO;
				SDKROOT = iphoneos;
				SWIFT_OPTIMIZATION_LEVEL = "-Owholemodule";
				TARGETED_DEVICE_FAMILY = "1,2";
				VALIDATE_PRODUCT = YES;
			};
			name = Release;
		};
		4CE6683B1EA7364700F2E266 /* Debug */ = {
			isa = XCBuildConfiguration;
			buildSettings = {
				ASSETCATALOG_COMPILER_APPICON_NAME = AppIcon;
				INFOPLIST_FILE = pickerViewWithArray/Info.plist;
				LD_RUNPATH_SEARCH_PATHS = "$(inherited) @executable_path/Frameworks";
				PRODUCT_BUNDLE_IDENTIFIER = Organization.pickerViewWithArray;
				PRODUCT_NAME = "$(TARGET_NAME)";
				SWIFT_VERSION = 3.0;
			};
			name = Debug;
		};
		4CE6683C1EA7364700F2E266 /* Release */ = {
			isa = XCBuildConfiguration;
			buildSettings = {
				ASSETCATALOG_COMPILER_APPICON_NAME = AppIcon;
				INFOPLIST_FILE = pickerViewWithArray/Info.plist;
				LD_RUNPATH_SEARCH_PATHS = "$(inherited) @executable_path/Frameworks";
				PRODUCT_BUNDLE_IDENTIFIER = Organization.pickerViewWithArray;
				PRODUCT_NAME = "$(TARGET_NAME)";
				SWIFT_VERSION = 3.0;
			};
			name = Release;
		};
/* End XCBuildConfiguration section */

/* Begin XCConfigurationList section */
		4CE668231EA7364700F2E266 /* Build configuration list for PBXProject "pickerViewWithArray" */ = {
			isa = XCConfigurationList;
			buildConfigurations = (
				4CE668381EA7364700F2E266 /* Debug */,
				4CE668391EA7364700F2E266 /* Release */,
			);
			defaultConfigurationIsVisible = 0;
			defaultConfigurationName = Release;
		};
		4CE6683A1EA7364700F2E266 /* Build configuration list for PBXNativeTarget "pickerViewWithArray" */ = {
			isa = XCConfigurationList;
			buildConfigurations = (
				4CE6683B1EA7364700F2E266 /* Debug */,
				4CE6683C1EA7364700F2E266 /* Release */,
			);
			defaultConfigurationIsVisible = 0;
		};
/* End XCConfigurationList section */
	};
	rootObject = 4CE668201EA7364700F2E266 /* Project object */;
}
